
Microsoft Visual Studio Solution File, Format Version 12.00
# Visual Studio 15
VisualStudioVersion = 15.0.27428.2037
MinimumVisualStudioVersion = 10.0.40219.1
Project("{FAE04EC0-301F-11D3-BF4B-00C04F79EFBC}") = "programmingExercise2", "programmingExercise2\programmingExercise2.csproj", "{7DFC6D07-A520-4388-9635-2FF6674F8CE4}"
EndProject
Global
	GlobalSection(SolutionConfigurationPlatforms) = preSolution
		Debug|Any CPU = Debug|Any CPU
		Release|Any CPU = Release|Any CPU
	EndGlobalSection
	GlobalSection(ProjectConfigurationPlatforms) = postSolution
		{7DFC6D07-A520-4388-9635-2FF6674F8CE4}.Debug|Any CPU.ActiveCfg = Debug|Any CPU
		{7DFC6D07-A520-4388-9635-2FF6674F8CE4}.Debug|Any CPU.Build.0 = Debug|Any CPU
		{7DFC6D07-A520-4388-9635-2FF6674F8CE4}.Release|Any CPU.ActiveCfg = Release|Any CPU
		{7DFC6D07-A520-4388-9635-2FF6674F8CE4}.Release|Any CPU.Build.0 = Release|Any CPU
	EndGlobalSection
	GlobalSection(SolutionProperties) = preSolution
		HideSolutionNode = FALSE
	EndGlobalSection
	GlobalSection(ExtensibilityGlobals) = postSolution
		SolutionGuid = {E9FEBDAD-538C-4BC0-882C-707DF4C9CC08}
	EndGlobalSection
EndGlobal
